%{"cowboy": {:git, "git://github.com/extend/cowboy.git", "73f65d5a757dacf952887a32bc611be78773c33f", []},
  "cowlib": {:git, "git://github.com/extend/cowlib.git", "e2ffefe828b918486e2cd76e44c54ae9b62c616e", [ref: "0.6.2"]},
  "funnel": {:git, "git://github.com/AF83/funnel.git", "b6f85eafcb2e4f8d2db7977702258b0eedd946b7", []},
  "httpotion": {:git, "git://github.com/myfreeweb/httpotion.git", "c20be2e821c08e607b9c0247c83e909d178ee6c0", []},
  "ibrowse": {:git, "git://github.com/cmullaparthi/ibrowse.git", "7871e2ebe8811efb64e1917e2de455fa87e8dfe3", [tag: "v4.1.0"]},
  "jsex": {:package, "2.0.0"},
  "jsx": {:package, "2.0.4"},
  "plug": {:git, "git://github.com/elixir-lang/plug.git", "dfc5291563aaa470ebfb5ab6d33f42b9b6ef502c", []},
  "poolboy": {:package, "1.2.1"},
  "ranch": {:git, "git://github.com/extend/ranch.git", "3189ef2d47843945efc96c224963380462c33d40", [ref: "0.10.0"]},
  "uuid": {:git, "git://github.com/travis/erlang-uuid.git", "f6a1cf9027e4af78b4a81201f4f6db1a822b8316", []}}
