%{"cowboy": {:git, "git://github.com/extend/cowboy.git", "7a808e0aa3e764d923da74e18f76790936d19a35", []},
  "cowlib": {:git, "git://github.com/extend/cowlib.git", "f58340a0044856bb508df03cfe94cf79308380a2", [ref: "0.6.1"]},
  "dynamo": {:git, "git://github.com/dynamo/dynamo.git", "3c28f27603a480d2755a89aba3a91e88df3469ce", []},
  "funnel": {:git, "git://github.com/AF83/funnel.git", "65d193c70585f24c98597481b9862c7ebce621f3", [branch: "undynamo"]},
  "httpotion": {:git, "git://github.com/myfreeweb/httpotion.git", "e482c4fa0016049c7738dec7261b7b3b6659b3cc", []},
  "ibrowse": {:git, "git://github.com/cmullaparthi/ibrowse.git", "7871e2ebe8811efb64e1917e2de455fa87e8dfe3", [tag: "v4.1.0"]},
  "jsex": {:package, "2.0.0"},
  "jsx": {:package, "2.0.4"},
  "mime": {:git, "git://github.com/dynamo/mime.git", "a13f7b071fdc6146c162300c9ab5025f1c23e98b", []},
  "plug": {:package, "0.4.4"},
  "poolboy": {:package, "1.2.1"},
  "ranch": {:git, "git://github.com/extend/ranch.git", "5df1f222f94e08abdcab7084f5e13027143cc222", [ref: "0.9.0"]},
  "uuid": {:git, "git://github.com/travis/erlang-uuid.git", "f6a1cf9027e4af78b4a81201f4f6db1a822b8316", []}}
